PODS:
  - mpp_library (1.5.5)
  - Reachability (3.2)

DEPENDENCIES:
  - mpp_library (from `../mpp-library`)
  - Reachability

SPEC REPOS:
  trunk:
    - Reachability

EXTERNAL SOURCES:
  mpp_library:
    :path: "../mpp-library"

SPEC CHECKSUMS:
  mpp_library: ac20cc004ef7f2a1ce3785066d64286a0f58e956
  Reachability: 33e18b67625424e47b6cde6d202dce689ad7af96

PODFILE CHECKSUM: 984fdf42b2cd57b5e14197719552245436d87e71

COCOAPODS: 1.11.3
